
Microsoft Visual Studio Solution File, Format Version 12.00
# Visual Studio Version 17
VisualStudioVersion = 17.4.33122.133
MinimumVisualStudioVersion = 10.0.40219.1
Project("{FAE04EC0-301F-11D3-BF4B-00C04F79EFBC}") = "LastOneStanding", "LastOneStanding\LastOneStanding.csproj", "{7437AAB7-CC62-4BBD-A9FD-E4499CEAC96F}"
EndProject
Global
	GlobalSection(SolutionConfigurationPlatforms) = preSolution
		Debug|Any CPU = Debug|Any CPU
		Release|Any CPU = Release|Any CPU
	EndGlobalSection
	GlobalSection(ProjectConfigurationPlatforms) = postSolution
		{7437AAB7-CC62-4BBD-A9FD-E4499CEAC96F}.Debug|Any CPU.ActiveCfg = Debug|Any CPU
		{7437AAB7-CC62-4BBD-A9FD-E4499CEAC96F}.Debug|Any CPU.Build.0 = Debug|Any CPU
		{7437AAB7-CC62-4BBD-A9FD-E4499CEAC96F}.Release|Any CPU.ActiveCfg = Release|Any CPU
		{7437AAB7-CC62-4BBD-A9FD-E4499CEAC96F}.Release|Any CPU.Build.0 = Release|Any CPU
	EndGlobalSection
	GlobalSection(SolutionProperties) = preSolution
		HideSolutionNode = FALSE
	EndGlobalSection
	GlobalSection(ExtensibilityGlobals) = postSolution
		SolutionGuid = {2D936B02-17E4-48D4-B6C0-2F0871C567FE}
	EndGlobalSection
EndGlobal
